
Microsoft Visual Studio Solution File, Format Version 12.00
# Visual Studio Version 17
VisualStudioVersion = 17.4.33205.214
MinimumVisualStudioVersion = 10.0.40219.1
Project("{888888A0-9F3D-457C-B088-3A5042F75D52}") = "Hiperbola", "Hiperbola.pyproj", "{2A4B2B78-C987-40B6-85A9-068D8AC2C507}"
EndProject
Global
	GlobalSection(SolutionConfigurationPlatforms) = preSolution
		Debug|Any CPU = Debug|Any CPU
		Release|Any CPU = Release|Any CPU
	EndGlobalSection
	GlobalSection(ProjectConfigurationPlatforms) = postSolution
		{2A4B2B78-C987-40B6-85A9-068D8AC2C507}.Debug|Any CPU.ActiveCfg = Debug|Any CPU
		{2A4B2B78-C987-40B6-85A9-068D8AC2C507}.Release|Any CPU.ActiveCfg = Release|Any CPU
	EndGlobalSection
	GlobalSection(SolutionProperties) = preSolution
		HideSolutionNode = FALSE
	EndGlobalSection
	GlobalSection(ExtensibilityGlobals) = postSolution
		SolutionGuid = {1D0B87AE-A650-4925-9F59-BC90C84DF000}
	EndGlobalSection
EndGlobal
